// !$*UTF8*$!
{
	archiveVersion = 1;
	classes = {
	};
	objectVersion = 50;
	objects = {

/* Begin PBXBuildFile section */
		42BA01ED222D77EE00B399CF /* AppDelegate.swift in Sources */ = {isa = PBXBuildFile; fileRef = 42BA01EC222D77EE00B399CF /* AppDelegate.swift */; };
		42BA01EF222D77EE00B399CF /* ViewController.swift in Sources */ = {isa = PBXBuildFile; fileRef = 42BA01EE222D77EE00B399CF /* ViewController.swift */; };
		42BA01F2222D77EE00B399CF /* Main.storyboard in Resources */ = {isa = PBXBuildFile; fileRef = 42BA01F0222D77EE00B399CF /* Main.storyboard */; };
		42BA01F4222D77FD00B399CF /* Assets.xcassets in Resources */ = {isa = PBXBuildFile; fileRef = 42BA01F3222D77FD00B399CF /* Assets.xcassets */; };
		42BA01F7222D77FD00B399CF /* LaunchScreen.storyboard in Resources */ = {isa = PBXBuildFile; fileRef = 42BA01F5222D77FD00B399CF /* LaunchScreen.storyboard */; };
		42BA01FF222D794900B399CF /* SelfSizedTableView.swift in Sources */ = {isa = PBXBuildFile; fileRef = 42BA01FE222D794900B399CF /* SelfSizedTableView.swift */; };
		42BA0201222D79A400B399CF /* CategoryRowCell.swift in Sources */ = {isa = PBXBuildFile; fileRef = 42BA0200222D79A400B399CF /* CategoryRowCell.swift */; };
		42BA0203222D7A3900B399CF /* ItemCell.swift in Sources */ = {isa = PBXBuildFile; fileRef = 42BA0202222D7A3900B399CF /* ItemCell.swift */; };
		42BA0205222D7F8600B399CF /* CategoryContentModel.swift in Sources */ = {isa = PBXBuildFile; fileRef = 42BA0204222D7F8600B399CF /* CategoryContentModel.swift */; };
		42BA0207222D848D00B399CF /* Utils.swift in Sources */ = {isa = PBXBuildFile; fileRef = 42BA0206222D848D00B399CF /* Utils.swift */; };
/* End PBXBuildFile section */

/* Begin PBXFileReference section */
		42BA01E9222D77EE00B399CF /* tableview_with_colletionview.app */ = {isa = PBXFileReference; explicitFileType = wrapper.application; includeInIndex = 0; path = tableview_with_colletionview.app; sourceTree = BUILT_PRODUCTS_DIR; };
		42BA01EC222D77EE00B399CF /* AppDelegate.swift */ = {isa = PBXFileReference; lastKnownFileType = sourcecode.swift; path = AppDelegate.swift; sourceTree = "<group>"; };
		42BA01EE222D77EE00B399CF /* ViewController.swift */ = {isa = PBXFileReference; lastKnownFileType = sourcecode.swift; path = ViewController.swift; sourceTree = "<group>"; };
		42BA01F1222D77EE00B399CF /* Base */ = {isa = PBXFileReference; lastKnownFileType = file.storyboard; name = Base; path = Base.lproj/Main.storyboard; sourceTree = "<group>"; };
		42BA01F3222D77FD00B399CF /* Assets.xcassets */ = {isa = PBXFileReference; lastKnownFileType = folder.assetcatalog; path = Assets.xcassets; sourceTree = "<group>"; };
		42BA01F6222D77FD00B399CF /* Base */ = {isa = PBXFileReference; lastKnownFileType = file.storyboard; name = Base; path = Base.lproj/LaunchScreen.storyboard; sourceTree = "<group>"; };
		42BA01F8222D77FD00B399CF /* Info.plist */ = {isa = PBXFileReference; lastKnownFileType = text.plist.xml; path = Info.plist; sourceTree = "<group>"; };
		42BA01FE222D794900B399CF /* SelfSizedTableView.swift */ = {isa = PBXFileReference; lastKnownFileType = sourcecode.swift; path = SelfSizedTableView.swift; sourceTree = "<group>"; };
		42BA0200222D79A400B399CF /* CategoryRowCell.swift */ = {isa = PBXFileReference; lastKnownFileType = sourcecode.swift; path = CategoryRowCell.swift; sourceTree = "<group>"; };
		42BA0202222D7A3900B399CF /* ItemCell.swift */ = {isa = PBXFileReference; lastKnownFileType = sourcecode.swift; path = ItemCell.swift; sourceTree = "<group>"; };
		42BA0204222D7F8600B399CF /* CategoryContentModel.swift */ = {isa = PBXFileReference; lastKnownFileType = sourcecode.swift; path = CategoryContentModel.swift; sourceTree = "<group>"; };
		42BA0206222D848D00B399CF /* Utils.swift */ = {isa = PBXFileReference; lastKnownFileType = sourcecode.swift; path = Utils.swift; sourceTree = "<group>"; };
/* End PBXFileReference section */

/* Begin PBXFrameworksBuildPhase section */
		42BA01E6222D77EE00B399CF /* Frameworks */ = {
			isa = PBXFrameworksBuildPhase;
			buildActionMask = 2147483647;
			files = (
			);
			runOnlyForDeploymentPostprocessing = 0;
		};
/* End PBXFrameworksBuildPhase section */

/* Begin PBXGroup section */
		42BA01E0222D77EE00B399CF = {
			isa = PBXGroup;
			children = (
				42BA01EB222D77EE00B399CF /* tableview_with_colletionview */,
				42BA01EA222D77EE00B399CF /* Products */,
			);
			sourceTree = "<group>";
		};
		42BA01EA222D77EE00B399CF /* Products */ = {
			isa = PBXGroup;
			children = (
				42BA01E9222D77EE00B399CF /* tableview_with_colletionview.app */,
			);
			name = Products;
			sourceTree = "<group>";
		};
		42BA01EB222D77EE00B399CF /* tableview_with_colletionview */ = {
			isa = PBXGroup;
			children = (
				42BA01EC222D77EE00B399CF /* AppDelegate.swift */,
				42BA01EE222D77EE00B399CF /* ViewController.swift */,
				42BA01F0222D77EE00B399CF /* Main.storyboard */,
				42BA01F3222D77FD00B399CF /* Assets.xcassets */,
				42BA01F5222D77FD00B399CF /* LaunchScreen.storyboard */,
				42BA01F8222D77FD00B399CF /* Info.plist */,
				42BA01FE222D794900B399CF /* SelfSizedTableView.swift */,
				42BA0200222D79A400B399CF /* CategoryRowCell.swift */,
				42BA0202222D7A3900B399CF /* ItemCell.swift */,
				42BA0204222D7F8600B399CF /* CategoryContentModel.swift */,
				42BA0206222D848D00B399CF /* Utils.swift */,
			);
			path = tableview_with_colletionview;
			sourceTree = "<group>";
		};
/* End PBXGroup section */

/* Begin PBXNativeTarget section */
		42BA01E8222D77EE00B399CF /* tableview_with_colletionview */ = {
			isa = PBXNativeTarget;
			buildConfigurationList = 42BA01FB222D77FD00B399CF /* Build configuration list for PBXNativeTarget "tableview_with_colletionview" */;
			buildPhases = (
				42BA01E5222D77EE00B399CF /* Sources */,
				42BA01E6222D77EE00B399CF /* Frameworks */,
				42BA01E7222D77EE00B399CF /* Resources */,
			);
			buildRules = (
			);
			dependencies = (
			);
			name = tableview_with_colletionview;
			productName = tableview_with_colletionview;
			productReference = 42BA01E9222D77EE00B399CF /* tableview_with_colletionview.app */;
			productType = "com.apple.product-type.application";
		};
/* End PBXNativeTarget section */

/* Begin PBXProject section */
		42BA01E1222D77EE00B399CF /* Project object */ = {
			isa = PBXProject;
			attributes = {
				LastSwiftUpdateCheck = 1010;
				LastUpgradeCheck = 1010;
				ORGANIZATIONNAME = Test;
				TargetAttributes = {
					42BA01E8222D77EE00B399CF = {
						CreatedOnToolsVersion = 10.1;
					};
				};
			};
			buildConfigurationList = 42BA01E4222D77EE00B399CF /* Build configuration list for PBXProject "tableview_with_colletionview" */;
			compatibilityVersion = "Xcode 9.3";
			developmentRegion = en;
			hasScannedForEncodings = 0;
			knownRegions = (
				en,
				Base,
			);
			mainGroup = 42BA01E0222D77EE00B399CF;
			productRefGroup = 42BA01EA222D77EE00B399CF /* Products */;
			projectDirPath = "";
			projectRoot = "";
			targets = (
				42BA01E8222D77EE00B399CF /* tableview_with_colletionview */,
			);
		};
/* End PBXProject section */

/* Begin PBXResourcesBuildPhase section */
		42BA01E7222D77EE00B399CF /* Resources */ = {
			isa = PBXResourcesBuildPhase;
			buildActionMask = 2147483647;
			files = (
				42BA01F7222D77FD00B399CF /* LaunchScreen.storyboard in Resources */,
				42BA01F4222D77FD00B399CF /* Assets.xcassets in Resources */,
				42BA01F2222D77EE00B399CF /* Main.storyboard in Resources */,
			);
			runOnlyForDeploymentPostprocessing = 0;
		};
/* End PBXResourcesBuildPhase section */

/* Begin PBXSourcesBuildPhase section */
		42BA01E5222D77EE00B399CF /* Sources */ = {
			isa = PBXSourcesBuildPhase;
			buildActionMask = 2147483647;
			files = (
				42BA01EF222D77EE00B399CF /* ViewController.swift in Sources */,
				42BA01ED222D77EE00B399CF /* AppDelegate.swift in Sources */,
				42BA0201222D79A400B399CF /* CategoryRowCell.swift in Sources */,
				42BA0207222D848D00B399CF /* Utils.swift in Sources */,
				42BA01FF222D794900B399CF /* SelfSizedTableView.swift in Sources */,
				42BA0203222D7A3900B399CF /* ItemCell.swift in Sources */,
				42BA0205222D7F8600B399CF /* CategoryContentModel.swift in Sources */,
			);
			runOnlyForDeploymentPostprocessing = 0;
		};
/* End PBXSourcesBuildPhase section */

/* Begin PBXVariantGroup section */
		42BA01F0222D77EE00B399CF /* Main.storyboard */ = {
			isa = PBXVariantGroup;
			children = (
				42BA01F1222D77EE00B399CF /* Base */,
			);
			name = Main.storyboard;
			sourceTree = "<group>";
		};
		42BA01F5222D77FD00B399CF /* LaunchScreen.storyboard */ = {
			isa = PBXVariantGroup;
			children = (
				42BA01F6222D77FD00B399CF /* Base */,
			);
			name = LaunchScreen.storyboard;
			sourceTree = "<group>";
		};
/* End PBXVariantGroup section */

/* Begin XCBuildConfiguration section */
		42BA01F9222D77FD00B399CF /* Debug */ = {
			isa = XCBuildConfiguration;
			buildSettings = {
				ALWAYS_SEARCH_USER_PATHS = NO;
				CLANG_ANALYZER_NONNULL = YES;
				CLANG_ANALYZER_NUMBER_OBJECT_CONVERSION = YES_AGGRESSIVE;
				CLANG_CXX_LANGUAGE_STANDARD = "gnu++14";
				CLANG_CXX_LIBRARY = "libc++";
				CLANG_ENABLE_MODULES = YES;
				CLANG_ENABLE_OBJC_ARC = YES;
				CLANG_ENABLE_OBJC_WEAK = YES;
				CLANG_WARN_BLOCK_CAPTURE_AUTORELEASING = YES;
				CLANG_WARN_BOOL_CONVERSION = YES;
				CLANG_WARN_COMMA = YES;
				CLANG_WARN_CONSTANT_CONVERSION = YES;
				CLANG_WARN_DEPRECATED_OBJC_IMPLEMENTATIONS = YES;
				CLANG_WARN_DIRECT_OBJC_ISA_USAGE = YES_ERROR;
				CLANG_WARN_DOCUMENTATION_COMMENTS = YES;
				CLANG_WARN_EMPTY_BODY = YES;
				CLANG_WARN_ENUM_CONVERSION = YES;
				CLANG_WARN_INFINITE_RECURSION = YES;
				CLANG_WARN_INT_CONVERSION = YES;
				CLANG_WARN_NON_LITERAL_NULL_CONVERSION = YES;
				CLANG_WARN_OBJC_IMPLICIT_RETAIN_SELF = YES;
				CLANG_WARN_OBJC_LITERAL_CONVERSION = YES;
				CLANG_WARN_OBJC_ROOT_CLASS = YES_ERROR;
				CLANG_WARN_RANGE_LOOP_ANALYSIS = YES;
				CLANG_WARN_STRICT_PROTOTYPES = YES;
				CLANG_WARN_SUSPICIOUS_MOVE = YES;
				CLANG_WARN_UNGUARDED_AVAILABILITY = YES_AGGRESSIVE;
				CLANG_WARN_UNREACHABLE_CODE = YES;
				CLANG_WARN__DUPLICATE_METHOD_MATCH = YES;
				CODE_SIGN_IDENTITY = "iPhone Developer";
				COPY_PHASE_STRIP = NO;
				DEBUG_INFORMATION_FORMAT = dwarf;
				ENABLE_STRICT_OBJC_MSGSEND = YES;
				ENABLE_TESTABILITY = YES;
				GCC_C_LANGUAGE_STANDARD = gnu11;
				GCC_DYNAMIC_NO_PIC = NO;
				GCC_NO_COMMON_BLOCKS = YES;
				GCC_OPTIMIZATION_LEVEL = 0;
				GCC_PREPROCESSOR_DEFINITIONS = (
					"DEBUG=1",
					"$(inherited)",
				);
				GCC_WARN_64_TO_32_BIT_CONVERSION = YES;
				GCC_WARN_ABOUT_RETURN_TYPE = YES_ERROR;
				GCC_WARN_UNDECLARED_SELECTOR = YES;
				GCC_WARN_UNINITIALIZED_AUTOS = YES_AGGRESSIVE;
				GCC_WARN_UNUSED_FUNCTION = YES;
				GCC_WARN_UNUSED_VARIABLE = YES;
				IPHONEOS_DEPLOYMENT_TARGET = 12.1;
				MTL_ENABLE_DEBUG_INFO = INCLUDE_SOURCE;
				MTL_FAST_MATH = YES;
				ONLY_ACTIVE_ARCH = YES;
				SDKROOT = iphoneos;
				SWIFT_ACTIVE_COMPILATION_CONDITIONS = DEBUG;
				SWIFT_OPTIMIZATION_LEVEL = "-Onone";
			};
			name = Debug;
		};
		42BA01FA222D77FD00B399CF /* Release */ = {
			isa = XCBuildConfiguration;
			buildSettings = {
				ALWAYS_SEARCH_USER_PATHS = NO;
				CLANG_ANALYZER_NONNULL = YES;
				CLANG_ANALYZER_NUMBER_OBJECT_CONVERSION = YES_AGGRESSIVE;
				CLANG_CXX_LANGUAGE_STANDARD = "gnu++14";
				CLANG_CXX_LIBRARY = "libc++";
				CLANG_ENABLE_MODULES = YES;
				CLANG_ENABLE_OBJC_ARC = YES;
				CLANG_ENABLE_OBJC_WEAK = YES;
				CLANG_WARN_BLOCK_CAPTURE_AUTORELEASING = YES;
				CLANG_WARN_BOOL_CONVERSION = YES;
				CLANG_WARN_COMMA = YES;
				CLANG_WARN_CONSTANT_CONVERSION = YES;
				CLANG_WARN_DEPRECATED_OBJC_IMPLEMENTATIONS = YES;
				CLANG_WARN_DIRECT_OBJC_ISA_USAGE = YES_ERROR;
				CLANG_WARN_DOCUMENTATION_COMMENTS = YES;
				CLANG_WARN_EMPTY_BODY = YES;
				CLANG_WARN_ENUM_CONVERSION = YES;
				CLANG_WARN_INFINITE_RECURSION = YES;
				CLANG_WARN_INT_CONVERSION = YES;
				CLANG_WARN_NON_LITERAL_NULL_CONVERSION = YES;
				CLANG_WARN_OBJC_IMPLICIT_RETAIN_SELF = YES;
				CLANG_WARN_OBJC_LITERAL_CONVERSION = YES;
				CLANG_WARN_OBJC_ROOT_CLASS = YES_ERROR;
				CLANG_WARN_RANGE_LOOP_ANALYSIS = YES;
				CLANG_WARN_STRICT_PROTOTYPES = YES;
				CLANG_WARN_SUSPICIOUS_MOVE = YES;
				CLANG_WARN_UNGUARDED_AVAILABILITY = YES_AGGRESSIVE;
				CLANG_WARN_UNREACHABLE_CODE = YES;
				CLANG_WARN__DUPLICATE_METHOD_MATCH = YES;
				CODE_SIGN_IDENTITY = "iPhone Developer";
				COPY_PHASE_STRIP = NO;
				DEBUG_INFORMATION_FORMAT = "dwarf-with-dsym";
				ENABLE_NS_ASSERTIONS = NO;
				ENABLE_STRICT_OBJC_MSGSEND = YES;
				GCC_C_LANGUAGE_STANDARD = gnu11;
				GCC_NO_COMMON_BLOCKS = YES;
				GCC_WARN_64_TO_32_BIT_CONVERSION = YES;
				GCC_WARN_ABOUT_RETURN_TYPE = YES_ERROR;
				GCC_WARN_UNDECLARED_SELECTOR = YES;
				GCC_WARN_UNINITIALIZED_AUTOS = YES_AGGRESSIVE;
				GCC_WARN_UNUSED_FUNCTION = YES;
				GCC_WARN_UNUSED_VARIABLE = YES;
				IPHONEOS_DEPLOYMENT_TARGET = 12.1;
				MTL_ENABLE_DEBUG_INFO = NO;
				MTL_FAST_MATH = YES;
				SDKROOT = iphoneos;
				SWIFT_COMPILATION_MODE = wholemodule;
				SWIFT_OPTIMIZATION_LEVEL = "-O";
				VALIDATE_PRODUCT = YES;
			};
			name = Release;
		};
		42BA01FC222D77FD00B399CF /* Debug */ = {
			isa = XCBuildConfiguration;
			buildSettings = {
				ASSETCATALOG_COMPILER_APPICON_NAME = AppIcon;
				CODE_SIGN_STYLE = Automatic;
				DEVELOPMENT_TEAM = W9PP8XY956;
				INFOPLIST_FILE = tableview_with_colletionview/Info.plist;
				LD_RUNPATH_SEARCH_PATHS = (
					"$(inherited)",
					"@executable_path/Frameworks",
				);
				PRODUCT_BUNDLE_IDENTIFIER = "com.test.tableview-with-colletionview";
				PRODUCT_NAME = "$(TARGET_NAME)";
				SWIFT_VERSION = 4.2;
				TARGETED_DEVICE_FAMILY = "1,2";
			};
			name = Debug;
		};
		42BA01FD222D77FD00B399CF /* Release */ = {
			isa = XCBuildConfiguration;
			buildSettings = {
				ASSETCATALOG_COMPILER_APPICON_NAME = AppIcon;
				CODE_SIGN_STYLE = Automatic;
				DEVELOPMENT_TEAM = W9PP8XY956;
				INFOPLIST_FILE = tableview_with_colletionview/Info.plist;
				LD_RUNPATH_SEARCH_PATHS = (
					"$(inherited)",
					"@executable_path/Frameworks",
				);
				PRODUCT_BUNDLE_IDENTIFIER = "com.test.tableview-with-colletionview";
				PRODUCT_NAME = "$(TARGET_NAME)";
				SWIFT_VERSION = 4.2;
				TARGETED_DEVICE_FAMILY = "1,2";
			};
			name = Release;
		};
/* End XCBuildConfiguration section */

/* Begin XCConfigurationList section */
		42BA01E4222D77EE00B399CF /* Build configuration list for PBXProject "tableview_with_colletionview" */ = {
			isa = XCConfigurationList;
			buildConfigurations = (
				42BA01F9222D77FD00B399CF /* Debug */,
				42BA01FA222D77FD00B399CF /* Release */,
			);
			defaultConfigurationIsVisible = 0;
			defaultConfigurationName = Release;
		};
		42BA01FB222D77FD00B399CF /* Build configuration list for PBXNativeTarget "tableview_with_colletionview" */ = {
			isa = XCConfigurationList;
			buildConfigurations = (
				42BA01FC222D77FD00B399CF /* Debug */,
				42BA01FD222D77FD00B399CF /* Release */,
			);
			defaultConfigurationIsVisible = 0;
			defaultConfigurationName = Release;
		};
/* End XCConfigurationList section */
	};
	rootObject = 42BA01E1222D77EE00B399CF /* Project object */;
}
